// !$*UTF8*$!
{
	archiveVersion = 1;
	classes = {
	};
	objectVersion = 46;
	objects = {

/* Begin PBXBuildFile section */
		044100561F2C491900D3806D /* AppDelegate.swift in Sources */ = {isa = PBXBuildFile; fileRef = 044100551F2C491900D3806D /* AppDelegate.swift */; };
		044100581F2C491900D3806D /* ViewController.swift in Sources */ = {isa = PBXBuildFile; fileRef = 044100571F2C491900D3806D /* ViewController.swift */; };
		0441005B1F2C491900D3806D /* Main.storyboard in Resources */ = {isa = PBXBuildFile; fileRef = 044100591F2C491900D3806D /* Main.storyboard */; };
		0441005E1F2C491900D3806D /* bonyoAngleHack.xcdatamodeld in Sources */ = {isa = PBXBuildFile; fileRef = 0441005C1F2C491900D3806D /* bonyoAngleHack.xcdatamodeld */; };
		044100601F2C491A00D3806D /* Assets.xcassets in Resources */ = {isa = PBXBuildFile; fileRef = 0441005F1F2C491A00D3806D /* Assets.xcassets */; };
		044100631F2C491A00D3806D /* LaunchScreen.storyboard in Resources */ = {isa = PBXBuildFile; fileRef = 044100611F2C491A00D3806D /* LaunchScreen.storyboard */; };
		0441006E1F2C491F00D3806D /* bonyoAngleHackTests.swift in Sources */ = {isa = PBXBuildFile; fileRef = 0441006D1F2C491F00D3806D /* bonyoAngleHackTests.swift */; };
		044100791F2C491F00D3806D /* bonyoAngleHackUITests.swift in Sources */ = {isa = PBXBuildFile; fileRef = 044100781F2C491F00D3806D /* bonyoAngleHackUITests.swift */; };
		044100871F2C747700D3806D /* GoogleService-Info.plist in Resources */ = {isa = PBXBuildFile; fileRef = 044100861F2C747700D3806D /* GoogleService-Info.plist */; };
		0441008A1F2C76BB00D3806D /* FormViewController.swift in Sources */ = {isa = PBXBuildFile; fileRef = 044100881F2C76BB00D3806D /* FormViewController.swift */; };
		0441008B1F2C76BB00D3806D /* FormViewController.xib in Resources */ = {isa = PBXBuildFile; fileRef = 044100891F2C76BB00D3806D /* FormViewController.xib */; };
		49C9025E2A6DA58C9ECA3BFE /* Pods_bonyoAngleHackTests.framework in Frameworks */ = {isa = PBXBuildFile; fileRef = 3D22696CC91C2593F08F6101 /* Pods_bonyoAngleHackTests.framework */; };
		CBEE0799A71444A522A317C0 /* Pods_bonyoAngleHackUITests.framework in Frameworks */ = {isa = PBXBuildFile; fileRef = 01FB81123B593512CFAE693B /* Pods_bonyoAngleHackUITests.framework */; };
		F9FCC7981E741F5CBA0CD339 /* Pods_bonyoAngleHack.framework in Frameworks */ = {isa = PBXBuildFile; fileRef = B1BC88784809EF1E49C90030 /* Pods_bonyoAngleHack.framework */; };
/* End PBXBuildFile section */

/* Begin PBXContainerItemProxy section */
		0441006A1F2C491F00D3806D /* PBXContainerItemProxy */ = {
			isa = PBXContainerItemProxy;
			containerPortal = 0441004A1F2C491700D3806D /* Project object */;
			proxyType = 1;
			remoteGlobalIDString = 044100511F2C491800D3806D;
			remoteInfo = bonyoAngleHack;
		};
		044100751F2C491F00D3806D /* PBXContainerItemProxy */ = {
			isa = PBXContainerItemProxy;
			containerPortal = 0441004A1F2C491700D3806D /* Project object */;
			proxyType = 1;
			remoteGlobalIDString = 044100511F2C491800D3806D;
			remoteInfo = bonyoAngleHack;
		};
/* End PBXContainerItemProxy section */

/* Begin PBXFileReference section */
		01FB81123B593512CFAE693B /* Pods_bonyoAngleHackUITests.framework */ = {isa = PBXFileReference; explicitFileType = wrapper.framework; includeInIndex = 0; path = Pods_bonyoAngleHackUITests.framework; sourceTree = BUILT_PRODUCTS_DIR; };
		044100521F2C491800D3806D /* bonyoAngleHack.app */ = {isa = PBXFileReference; explicitFileType = wrapper.application; includeInIndex = 0; path = bonyoAngleHack.app; sourceTree = BUILT_PRODUCTS_DIR; };
		044100551F2C491900D3806D /* AppDelegate.swift */ = {isa = PBXFileReference; lastKnownFileType = sourcecode.swift; path = AppDelegate.swift; sourceTree = "<group>"; };
		044100571F2C491900D3806D /* ViewController.swift */ = {isa = PBXFileReference; lastKnownFileType = sourcecode.swift; path = ViewController.swift; sourceTree = "<group>"; };
		0441005A1F2C491900D3806D /* Base */ = {isa = PBXFileReference; lastKnownFileType = file.storyboard; name = Base; path = Base.lproj/Main.storyboard; sourceTree = "<group>"; };
		0441005D1F2C491900D3806D /* bonyoAngleHack.xcdatamodel */ = {isa = PBXFileReference; lastKnownFileType = wrapper.xcdatamodel; path = bonyoAngleHack.xcdatamodel; sourceTree = "<group>"; };
		0441005F1F2C491A00D3806D /* Assets.xcassets */ = {isa = PBXFileReference; lastKnownFileType = folder.assetcatalog; path = Assets.xcassets; sourceTree = "<group>"; };
		044100621F2C491A00D3806D /* Base */ = {isa = PBXFileReference; lastKnownFileType = file.storyboard; name = Base; path = Base.lproj/LaunchScreen.storyboard; sourceTree = "<group>"; };
		044100641F2C491A00D3806D /* Info.plist */ = {isa = PBXFileReference; lastKnownFileType = text.plist.xml; path = Info.plist; sourceTree = "<group>"; };
		044100691F2C491F00D3806D /* bonyoAngleHackTests.xctest */ = {isa = PBXFileReference; explicitFileType = wrapper.cfbundle; includeInIndex = 0; path = bonyoAngleHackTests.xctest; sourceTree = BUILT_PRODUCTS_DIR; };
		0441006D1F2C491F00D3806D /* bonyoAngleHackTests.swift */ = {isa = PBXFileReference; lastKnownFileType = sourcecode.swift; path = bonyoAngleHackTests.swift; sourceTree = "<group>"; };
		0441006F1F2C491F00D3806D /* Info.plist */ = {isa = PBXFileReference; lastKnownFileType = text.plist.xml; path = Info.plist; sourceTree = "<group>"; };
		044100741F2C491F00D3806D /* bonyoAngleHackUITests.xctest */ = {isa = PBXFileReference; explicitFileType = wrapper.cfbundle; includeInIndex = 0; path = bonyoAngleHackUITests.xctest; sourceTree = BUILT_PRODUCTS_DIR; };
		044100781F2C491F00D3806D /* bonyoAngleHackUITests.swift */ = {isa = PBXFileReference; lastKnownFileType = sourcecode.swift; path = bonyoAngleHackUITests.swift; sourceTree = "<group>"; };
		0441007A1F2C491F00D3806D /* Info.plist */ = {isa = PBXFileReference; lastKnownFileType = text.plist.xml; path = Info.plist; sourceTree = "<group>"; };
		044100861F2C747700D3806D /* GoogleService-Info.plist */ = {isa = PBXFileReference; fileEncoding = 4; lastKnownFileType = text.plist.xml; path = "GoogleService-Info.plist"; sourceTree = "<group>"; };
		044100881F2C76BB00D3806D /* FormViewController.swift */ = {isa = PBXFileReference; fileEncoding = 4; lastKnownFileType = sourcecode.swift; path = FormViewController.swift; sourceTree = "<group>"; };
		044100891F2C76BB00D3806D /* FormViewController.xib */ = {isa = PBXFileReference; fileEncoding = 4; lastKnownFileType = file.xib; path = FormViewController.xib; sourceTree = "<group>"; };
		2BDC1F14CCAF866CBE94EF5D /* Pods-bonyoAngleHackTests.debug.xcconfig */ = {isa = PBXFileReference; includeInIndex = 1; lastKnownFileType = text.xcconfig; name = "Pods-bonyoAngleHackTests.debug.xcconfig"; path = "Pods/Target Support Files/Pods-bonyoAngleHackTests/Pods-bonyoAngleHackTests.debug.xcconfig"; sourceTree = "<group>"; };
		3D22696CC91C2593F08F6101 /* Pods_bonyoAngleHackTests.framework */ = {isa = PBXFileReference; explicitFileType = wrapper.framework; includeInIndex = 0; path = Pods_bonyoAngleHackTests.framework; sourceTree = BUILT_PRODUCTS_DIR; };
		4AE46C502D210B27A3B9B679 /* Pods-bonyoAngleHack.release.xcconfig */ = {isa = PBXFileReference; includeInIndex = 1; lastKnownFileType = text.xcconfig; name = "Pods-bonyoAngleHack.release.xcconfig"; path = "Pods/Target Support Files/Pods-bonyoAngleHack/Pods-bonyoAngleHack.release.xcconfig"; sourceTree = "<group>"; };
		91042124D89BE628697AE7A5 /* Pods-bonyoAngleHackUITests.release.xcconfig */ = {isa = PBXFileReference; includeInIndex = 1; lastKnownFileType = text.xcconfig; name = "Pods-bonyoAngleHackUITests.release.xcconfig"; path = "Pods/Target Support Files/Pods-bonyoAngleHackUITests/Pods-bonyoAngleHackUITests.release.xcconfig"; sourceTree = "<group>"; };
		B1BC88784809EF1E49C90030 /* Pods_bonyoAngleHack.framework */ = {isa = PBXFileReference; explicitFileType = wrapper.framework; includeInIndex = 0; path = Pods_bonyoAngleHack.framework; sourceTree = BUILT_PRODUCTS_DIR; };
		B80ABE00D3C48C4647667729 /* Pods-bonyoAngleHackUITests.debug.xcconfig */ = {isa = PBXFileReference; includeInIndex = 1; lastKnownFileType = text.xcconfig; name = "Pods-bonyoAngleHackUITests.debug.xcconfig"; path = "Pods/Target Support Files/Pods-bonyoAngleHackUITests/Pods-bonyoAngleHackUITests.debug.xcconfig"; sourceTree = "<group>"; };
		D242EECC184E7C375C7C1693 /* Pods-bonyoAngleHack.debug.xcconfig */ = {isa = PBXFileReference; includeInIndex = 1; lastKnownFileType = text.xcconfig; name = "Pods-bonyoAngleHack.debug.xcconfig"; path = "Pods/Target Support Files/Pods-bonyoAngleHack/Pods-bonyoAngleHack.debug.xcconfig"; sourceTree = "<group>"; };
		E810EC798AEB8AE2559D0B07 /* Pods-bonyoAngleHackTests.release.xcconfig */ = {isa = PBXFileReference; includeInIndex = 1; lastKnownFileType = text.xcconfig; name = "Pods-bonyoAngleHackTests.release.xcconfig"; path = "Pods/Target Support Files/Pods-bonyoAngleHackTests/Pods-bonyoAngleHackTests.release.xcconfig"; sourceTree = "<group>"; };
/* End PBXFileReference section */

/* Begin PBXFrameworksBuildPhase section */
		0441004F1F2C491800D3806D /* Frameworks */ = {
			isa = PBXFrameworksBuildPhase;
			buildActionMask = 2147483647;
			files = (
				F9FCC7981E741F5CBA0CD339 /* Pods_bonyoAngleHack.framework in Frameworks */,
			);
			runOnlyForDeploymentPostprocessing = 0;
		};
		044100661F2C491F00D3806D /* Frameworks */ = {
			isa = PBXFrameworksBuildPhase;
			buildActionMask = 2147483647;
			files = (
				49C9025E2A6DA58C9ECA3BFE /* Pods_bonyoAngleHackTests.framework in Frameworks */,
			);
			runOnlyForDeploymentPostprocessing = 0;
		};
		044100711F2C491F00D3806D /* Frameworks */ = {
			isa = PBXFrameworksBuildPhase;
			buildActionMask = 2147483647;
			files = (
				CBEE0799A71444A522A317C0 /* Pods_bonyoAngleHackUITests.framework in Frameworks */,
			);
			runOnlyForDeploymentPostprocessing = 0;
		};
/* End PBXFrameworksBuildPhase section */

/* Begin PBXGroup section */
		044100491F2C491700D3806D = {
			isa = PBXGroup;
			children = (
				044100541F2C491800D3806D /* bonyoAngleHack */,
				0441006C1F2C491F00D3806D /* bonyoAngleHackTests */,
				044100771F2C491F00D3806D /* bonyoAngleHackUITests */,
				044100531F2C491800D3806D /* Products */,
				A0064F6A6050DF90B3CFE1A4 /* Pods */,
				687008D34BB342033640E1CE /* Frameworks */,
			);
			sourceTree = "<group>";
		};
		044100531F2C491800D3806D /* Products */ = {
			isa = PBXGroup;
			children = (
				044100521F2C491800D3806D /* bonyoAngleHack.app */,
				044100691F2C491F00D3806D /* bonyoAngleHackTests.xctest */,
				044100741F2C491F00D3806D /* bonyoAngleHackUITests.xctest */,
			);
			name = Products;
			sourceTree = "<group>";
		};
		044100541F2C491800D3806D /* bonyoAngleHack */ = {
			isa = PBXGroup;
			children = (
				044100551F2C491900D3806D /* AppDelegate.swift */,
				044100571F2C491900D3806D /* ViewController.swift */,
				044100881F2C76BB00D3806D /* FormViewController.swift */,
				044100891F2C76BB00D3806D /* FormViewController.xib */,
				044100591F2C491900D3806D /* Main.storyboard */,
				0441005F1F2C491A00D3806D /* Assets.xcassets */,
				044100611F2C491A00D3806D /* LaunchScreen.storyboard */,
				044100641F2C491A00D3806D /* Info.plist */,
				044100861F2C747700D3806D /* GoogleService-Info.plist */,
				0441005C1F2C491900D3806D /* bonyoAngleHack.xcdatamodeld */,
			);
			path = bonyoAngleHack;
			sourceTree = "<group>";
		};
		0441006C1F2C491F00D3806D /* bonyoAngleHackTests */ = {
			isa = PBXGroup;
			children = (
				0441006D1F2C491F00D3806D /* bonyoAngleHackTests.swift */,
				0441006F1F2C491F00D3806D /* Info.plist */,
			);
			path = bonyoAngleHackTests;
			sourceTree = "<group>";
		};
		044100771F2C491F00D3806D /* bonyoAngleHackUITests */ = {
			isa = PBXGroup;
			children = (
				044100781F2C491F00D3806D /* bonyoAngleHackUITests.swift */,
				0441007A1F2C491F00D3806D /* Info.plist */,
			);
			path = bonyoAngleHackUITests;
			sourceTree = "<group>";
		};
		687008D34BB342033640E1CE /* Frameworks */ = {
			isa = PBXGroup;
			children = (
				B1BC88784809EF1E49C90030 /* Pods_bonyoAngleHack.framework */,
				3D22696CC91C2593F08F6101 /* Pods_bonyoAngleHackTests.framework */,
				01FB81123B593512CFAE693B /* Pods_bonyoAngleHackUITests.framework */,
			);
			name = Frameworks;
			sourceTree = "<group>";
		};
		A0064F6A6050DF90B3CFE1A4 /* Pods */ = {
			isa = PBXGroup;
			children = (
				D242EECC184E7C375C7C1693 /* Pods-bonyoAngleHack.debug.xcconfig */,
				4AE46C502D210B27A3B9B679 /* Pods-bonyoAngleHack.release.xcconfig */,
				2BDC1F14CCAF866CBE94EF5D /* Pods-bonyoAngleHackTests.debug.xcconfig */,
				E810EC798AEB8AE2559D0B07 /* Pods-bonyoAngleHackTests.release.xcconfig */,
				B80ABE00D3C48C4647667729 /* Pods-bonyoAngleHackUITests.debug.xcconfig */,
				91042124D89BE628697AE7A5 /* Pods-bonyoAngleHackUITests.release.xcconfig */,
			);
			name = Pods;
			sourceTree = "<group>";
		};
/* End PBXGroup section */

/* Begin PBXNativeTarget section */
		044100511F2C491800D3806D /* bonyoAngleHack */ = {
			isa = PBXNativeTarget;
			buildConfigurationList = 0441007D1F2C491F00D3806D /* Build configuration list for PBXNativeTarget "bonyoAngleHack" */;
			buildPhases = (
				A141379EC560F2633166B015 /* [CP] Check Pods Manifest.lock */,
				0441004E1F2C491800D3806D /* Sources */,
				0441004F1F2C491800D3806D /* Frameworks */,
				044100501F2C491800D3806D /* Resources */,
				9FA88AE41C31CF054F794630 /* [CP] Embed Pods Frameworks */,
				DAB6CFA868B5BFF620FF62C9 /* [CP] Copy Pods Resources */,
			);
			buildRules = (
			);
			dependencies = (
			);
			name = bonyoAngleHack;
			productName = bonyoAngleHack;
			productReference = 044100521F2C491800D3806D /* bonyoAngleHack.app */;
			productType = "com.apple.product-type.application";
		};
		044100681F2C491F00D3806D /* bonyoAngleHackTests */ = {
			isa = PBXNativeTarget;
			buildConfigurationList = 044100801F2C491F00D3806D /* Build configuration list for PBXNativeTarget "bonyoAngleHackTests" */;
			buildPhases = (
				C1E2B144D8AFA8C8DAB2DD9A /* [CP] Check Pods Manifest.lock */,
				044100651F2C491F00D3806D /* Sources */,
				044100661F2C491F00D3806D /* Frameworks */,
				044100671F2C491F00D3806D /* Resources */,
				977F14B6DD9D64A12A0804EF /* [CP] Embed Pods Frameworks */,
				35290981557DE04E0FA7A21F /* [CP] Copy Pods Resources */,
			);
			buildRules = (
			);
			dependencies = (
				0441006B1F2C491F00D3806D /* PBXTargetDependency */,
			);
			name = bonyoAngleHackTests;
			productName = bonyoAngleHackTests;
			productReference = 044100691F2C491F00D3806D /* bonyoAngleHackTests.xctest */;
			productType = "com.apple.product-type.bundle.unit-test";
		};
		044100731F2C491F00D3806D /* bonyoAngleHackUITests */ = {
			isa = PBXNativeTarget;
			buildConfigurationList = 044100831F2C491F00D3806D /* Build configuration list for PBXNativeTarget "bonyoAngleHackUITests" */;
			buildPhases = (
				B3428EFD95E7E03AAD5A2D24 /* [CP] Check Pods Manifest.lock */,
				044100701F2C491F00D3806D /* Sources */,
				044100711F2C491F00D3806D /* Frameworks */,
				044100721F2C491F00D3806D /* Resources */,
				A1A2B6AD5228A2535C6FBB7D /* [CP] Embed Pods Frameworks */,
				7D41729E6DE55BE383DD572C /* [CP] Copy Pods Resources */,
			);
			buildRules = (
			);
			dependencies = (
				044100761F2C491F00D3806D /* PBXTargetDependency */,
			);
			name = bonyoAngleHackUITests;
			productName = bonyoAngleHackUITests;
			productReference = 044100741F2C491F00D3806D /* bonyoAngleHackUITests.xctest */;
			productType = "com.apple.product-type.bundle.ui-testing";
		};
/* End PBXNativeTarget section */

/* Begin PBXProject section */
		0441004A1F2C491700D3806D /* Project object */ = {
			isa = PBXProject;
			attributes = {
				LastSwiftUpdateCheck = 0830;
				LastUpgradeCheck = 0830;
				ORGANIZATIONNAME = bonyo.AngleHack.teama;
				TargetAttributes = {
					044100511F2C491800D3806D = {
						CreatedOnToolsVersion = 8.3.3;
						DevelopmentTeam = M67FSQMGRG;
						ProvisioningStyle = Automatic;
					};
					044100681F2C491F00D3806D = {
						CreatedOnToolsVersion = 8.3.3;
						DevelopmentTeam = M67FSQMGRG;
						ProvisioningStyle = Automatic;
						TestTargetID = 044100511F2C491800D3806D;
					};
					044100731F2C491F00D3806D = {
						CreatedOnToolsVersion = 8.3.3;
						DevelopmentTeam = M67FSQMGRG;
						ProvisioningStyle = Automatic;
						TestTargetID = 044100511F2C491800D3806D;
					};
				};
			};
			buildConfigurationList = 0441004D1F2C491700D3806D /* Build configuration list for PBXProject "bonyoAngleHack" */;
			compatibilityVersion = "Xcode 3.2";
			developmentRegion = English;
			hasScannedForEncodings = 0;
			knownRegions = (
				en,
				Base,
			);
			mainGroup = 044100491F2C491700D3806D;
			productRefGroup = 044100531F2C491800D3806D /* Products */;
			projectDirPath = "";
			projectRoot = "";
			targets = (
				044100511F2C491800D3806D /* bonyoAngleHack */,
				044100681F2C491F00D3806D /* bonyoAngleHackTests */,
				044100731F2C491F00D3806D /* bonyoAngleHackUITests */,
			);
		};
/* End PBXProject section */

/* Begin PBXResourcesBuildPhase section */
		044100501F2C491800D3806D /* Resources */ = {
			isa = PBXResourcesBuildPhase;
			buildActionMask = 2147483647;
			files = (
				044100631F2C491A00D3806D /* LaunchScreen.storyboard in Resources */,
				044100871F2C747700D3806D /* GoogleService-Info.plist in Resources */,
				044100601F2C491A00D3806D /* Assets.xcassets in Resources */,
				0441008B1F2C76BB00D3806D /* FormViewController.xib in Resources */,
				0441005B1F2C491900D3806D /* Main.storyboard in Resources */,
			);
			runOnlyForDeploymentPostprocessing = 0;
		};
		044100671F2C491F00D3806D /* Resources */ = {
			isa = PBXResourcesBuildPhase;
			buildActionMask = 2147483647;
			files = (
			);
			runOnlyForDeploymentPostprocessing = 0;
		};
		044100721F2C491F00D3806D /* Resources */ = {
			isa = PBXResourcesBuildPhase;
			buildActionMask = 2147483647;
			files = (
			);
			runOnlyForDeploymentPostprocessing = 0;
		};
/* End PBXResourcesBuildPhase section */

/* Begin PBXShellScriptBuildPhase section */
		35290981557DE04E0FA7A21F /* [CP] Copy Pods Resources */ = {
			isa = PBXShellScriptBuildPhase;
			buildActionMask = 2147483647;
			files = (
			);
			inputPaths = (
			);
			name = "[CP] Copy Pods Resources";
			outputPaths = (
			);
			runOnlyForDeploymentPostprocessing = 0;
			shellPath = /bin/sh;
			shellScript = "\"${SRCROOT}/Pods/Target Support Files/Pods-bonyoAngleHackTests/Pods-bonyoAngleHackTests-resources.sh\"\n";
			showEnvVarsInLog = 0;
		};
		7D41729E6DE55BE383DD572C /* [CP] Copy Pods Resources */ = {
			isa = PBXShellScriptBuildPhase;
			buildActionMask = 2147483647;
			files = (
			);
			inputPaths = (
			);
			name = "[CP] Copy Pods Resources";
			outputPaths = (
			);
			runOnlyForDeploymentPostprocessing = 0;
			shellPath = /bin/sh;
			shellScript = "\"${SRCROOT}/Pods/Target Support Files/Pods-bonyoAngleHackUITests/Pods-bonyoAngleHackUITests-resources.sh\"\n";
			showEnvVarsInLog = 0;
		};
		977F14B6DD9D64A12A0804EF /* [CP] Embed Pods Frameworks */ = {
			isa = PBXShellScriptBuildPhase;
			buildActionMask = 2147483647;
			files = (
			);
			inputPaths = (
			);
			name = "[CP] Embed Pods Frameworks";
			outputPaths = (
			);
			runOnlyForDeploymentPostprocessing = 0;
			shellPath = /bin/sh;
			shellScript = "\"${SRCROOT}/Pods/Target Support Files/Pods-bonyoAngleHackTests/Pods-bonyoAngleHackTests-frameworks.sh\"\n";
			showEnvVarsInLog = 0;
		};
		9FA88AE41C31CF054F794630 /* [CP] Embed Pods Frameworks */ = {
			isa = PBXShellScriptBuildPhase;
			buildActionMask = 2147483647;
			files = (
			);
			inputPaths = (
			);
			name = "[CP] Embed Pods Frameworks";
			outputPaths = (
			);
			runOnlyForDeploymentPostprocessing = 0;
			shellPath = /bin/sh;
			shellScript = "\"${SRCROOT}/Pods/Target Support Files/Pods-bonyoAngleHack/Pods-bonyoAngleHack-frameworks.sh\"\n";
			showEnvVarsInLog = 0;
		};
		A141379EC560F2633166B015 /* [CP] Check Pods Manifest.lock */ = {
			isa = PBXShellScriptBuildPhase;
			buildActionMask = 2147483647;
			files = (
			);
			inputPaths = (
			);
			name = "[CP] Check Pods Manifest.lock";
			outputPaths = (
			);
			runOnlyForDeploymentPostprocessing = 0;
			shellPath = /bin/sh;
			shellScript = "diff \"${PODS_ROOT}/../Podfile.lock\" \"${PODS_ROOT}/Manifest.lock\" > /dev/null\nif [ $? != 0 ] ; then\n    # print error to STDERR\n    echo \"error: The sandbox is not in sync with the Podfile.lock. Run 'pod install' or update your CocoaPods installation.\" >&2\n    exit 1\nfi\n";
			showEnvVarsInLog = 0;
		};
		A1A2B6AD5228A2535C6FBB7D /* [CP] Embed Pods Frameworks */ = {
			isa = PBXShellScriptBuildPhase;
			buildActionMask = 2147483647;
			files = (
			);
			inputPaths = (
			);
			name = "[CP] Embed Pods Frameworks";
			outputPaths = (
			);
			runOnlyForDeploymentPostprocessing = 0;
			shellPath = /bin/sh;
			shellScript = "\"${SRCROOT}/Pods/Target Support Files/Pods-bonyoAngleHackUITests/Pods-bonyoAngleHackUITests-frameworks.sh\"\n";
			showEnvVarsInLog = 0;
		};
		B3428EFD95E7E03AAD5A2D24 /* [CP] Check Pods Manifest.lock */ = {
			isa = PBXShellScriptBuildPhase;
			buildActionMask = 2147483647;
			files = (
			);
			inputPaths = (
			);
			name = "[CP] Check Pods Manifest.lock";
			outputPaths = (
			);
			runOnlyForDeploymentPostprocessing = 0;
			shellPath = /bin/sh;
			shellScript = "diff \"${PODS_ROOT}/../Podfile.lock\" \"${PODS_ROOT}/Manifest.lock\" > /dev/null\nif [ $? != 0 ] ; then\n    # print error to STDERR\n    echo \"error: The sandbox is not in sync with the Podfile.lock. Run 'pod install' or update your CocoaPods installation.\" >&2\n    exit 1\nfi\n";
			showEnvVarsInLog = 0;
		};
		C1E2B144D8AFA8C8DAB2DD9A /* [CP] Check Pods Manifest.lock */ = {
			isa = PBXShellScriptBuildPhase;
			buildActionMask = 2147483647;
			files = (
			);
			inputPaths = (
			);
			name = "[CP] Check Pods Manifest.lock";
			outputPaths = (
			);
			runOnlyForDeploymentPostprocessing = 0;
			shellPath = /bin/sh;
			shellScript = "diff \"${PODS_ROOT}/../Podfile.lock\" \"${PODS_ROOT}/Manifest.lock\" > /dev/null\nif [ $? != 0 ] ; then\n    # print error to STDERR\n    echo \"error: The sandbox is not in sync with the Podfile.lock. Run 'pod install' or update your CocoaPods installation.\" >&2\n    exit 1\nfi\n";
			showEnvVarsInLog = 0;
		};
		DAB6CFA868B5BFF620FF62C9 /* [CP] Copy Pods Resources */ = {
			isa = PBXShellScriptBuildPhase;
			buildActionMask = 2147483647;
			files = (
			);
			inputPaths = (
			);
			name = "[CP] Copy Pods Resources";
			outputPaths = (
			);
			runOnlyForDeploymentPostprocessing = 0;
			shellPath = /bin/sh;
			shellScript = "\"${SRCROOT}/Pods/Target Support Files/Pods-bonyoAngleHack/Pods-bonyoAngleHack-resources.sh\"\n";
			showEnvVarsInLog = 0;
		};
/* End PBXShellScriptBuildPhase section */

/* Begin PBXSourcesBuildPhase section */
		0441004E1F2C491800D3806D /* Sources */ = {
			isa = PBXSourcesBuildPhase;
			buildActionMask = 2147483647;
			files = (
				044100581F2C491900D3806D /* ViewController.swift in Sources */,
				044100561F2C491900D3806D /* AppDelegate.swift in Sources */,
				0441008A1F2C76BB00D3806D /* FormViewController.swift in Sources */,
				0441005E1F2C491900D3806D /* bonyoAngleHack.xcdatamodeld in Sources */,
			);
			runOnlyForDeploymentPostprocessing = 0;
		};
		044100651F2C491F00D3806D /* Sources */ = {
			isa = PBXSourcesBuildPhase;
			buildActionMask = 2147483647;
			files = (
				0441006E1F2C491F00D3806D /* bonyoAngleHackTests.swift in Sources */,
			);
			runOnlyForDeploymentPostprocessing = 0;
		};
		044100701F2C491F00D3806D /* Sources */ = {
			isa = PBXSourcesBuildPhase;
			buildActionMask = 2147483647;
			files = (
				044100791F2C491F00D3806D /* bonyoAngleHackUITests.swift in Sources */,
			);
			runOnlyForDeploymentPostprocessing = 0;
		};
/* End PBXSourcesBuildPhase section */

/* Begin PBXTargetDependency section */
		0441006B1F2C491F00D3806D /* PBXTargetDependency */ = {
			isa = PBXTargetDependency;
			target = 044100511F2C491800D3806D /* bonyoAngleHack */;
			targetProxy = 0441006A1F2C491F00D3806D /* PBXContainerItemProxy */;
		};
		044100761F2C491F00D3806D /* PBXTargetDependency */ = {
			isa = PBXTargetDependency;
			target = 044100511F2C491800D3806D /* bonyoAngleHack */;
			targetProxy = 044100751F2C491F00D3806D /* PBXContainerItemProxy */;
		};
/* End PBXTargetDependency section */

/* Begin PBXVariantGroup section */
		044100591F2C491900D3806D /* Main.storyboard */ = {
			isa = PBXVariantGroup;
			children = (
				0441005A1F2C491900D3806D /* Base */,
			);
			name = Main.storyboard;
			sourceTree = "<group>";
		};
		044100611F2C491A00D3806D /* LaunchScreen.storyboard */ = {
			isa = PBXVariantGroup;
			children = (
				044100621F2C491A00D3806D /* Base */,
			);
			name = LaunchScreen.storyboard;
			sourceTree = "<group>";
		};
/* End PBXVariantGroup section */

/* Begin XCBuildConfiguration section */
		0441007B1F2C491F00D3806D /* Debug */ = {
			isa = XCBuildConfiguration;
			buildSettings = {
				ALWAYS_SEARCH_USER_PATHS = NO;
				CLANG_ANALYZER_NONNULL = YES;
				CLANG_ANALYZER_NUMBER_OBJECT_CONVERSION = YES_AGGRESSIVE;
				CLANG_CXX_LANGUAGE_STANDARD = "gnu++0x";
				CLANG_CXX_LIBRARY = "libc++";
				CLANG_ENABLE_MODULES = YES;
				CLANG_ENABLE_OBJC_ARC = YES;
				CLANG_WARN_BOOL_CONVERSION = YES;
				CLANG_WARN_CONSTANT_CONVERSION = YES;
				CLANG_WARN_DIRECT_OBJC_ISA_USAGE = YES_ERROR;
				CLANG_WARN_DOCUMENTATION_COMMENTS = YES;
				CLANG_WARN_EMPTY_BODY = YES;
				CLANG_WARN_ENUM_CONVERSION = YES;
				CLANG_WARN_INFINITE_RECURSION = YES;
				CLANG_WARN_INT_CONVERSION = YES;
				CLANG_WARN_OBJC_ROOT_CLASS = YES_ERROR;
				CLANG_WARN_SUSPICIOUS_MOVE = YES;
				CLANG_WARN_UNREACHABLE_CODE = YES;
				CLANG_WARN__DUPLICATE_METHOD_MATCH = YES;
				"CODE_SIGN_IDENTITY[sdk=iphoneos*]" = "iPhone Developer";
				COPY_PHASE_STRIP = NO;
				DEBUG_INFORMATION_FORMAT = dwarf;
				ENABLE_STRICT_OBJC_MSGSEND = YES;
				ENABLE_TESTABILITY = YES;
				GCC_C_LANGUAGE_STANDARD = gnu99;
				GCC_DYNAMIC_NO_PIC = NO;
				GCC_NO_COMMON_BLOCKS = YES;
				GCC_OPTIMIZATION_LEVEL = 0;
				GCC_PREPROCESSOR_DEFINITIONS = (
					"DEBUG=1",
					"$(inherited)",
				);
				GCC_WARN_64_TO_32_BIT_CONVERSION = YES;
				GCC_WARN_ABOUT_RETURN_TYPE = YES_ERROR;
				GCC_WARN_UNDECLARED_SELECTOR = YES;
				GCC_WARN_UNINITIALIZED_AUTOS = YES_AGGRESSIVE;
				GCC_WARN_UNUSED_FUNCTION = YES;
				GCC_WARN_UNUSED_VARIABLE = YES;
				IPHONEOS_DEPLOYMENT_TARGET = 10.3;
				MTL_ENABLE_DEBUG_INFO = YES;
				ONLY_ACTIVE_ARCH = YES;
				SDKROOT = iphoneos;
				SWIFT_ACTIVE_COMPILATION_CONDITIONS = DEBUG;
				SWIFT_OPTIMIZATION_LEVEL = "-Onone";
			};
			name = Debug;
		};
		0441007C1F2C491F00D3806D /* Release */ = {
			isa = XCBuildConfiguration;
			buildSettings = {
				ALWAYS_SEARCH_USER_PATHS = NO;
				CLANG_ANALYZER_NONNULL = YES;
				CLANG_ANALYZER_NUMBER_OBJECT_CONVERSION = YES_AGGRESSIVE;
				CLANG_CXX_LANGUAGE_STANDARD = "gnu++0x";
				CLANG_CXX_LIBRARY = "libc++";
				CLANG_ENABLE_MODULES = YES;
				CLANG_ENABLE_OBJC_ARC = YES;
				CLANG_WARN_BOOL_CONVERSION = YES;
				CLANG_WARN_CONSTANT_CONVERSION = YES;
				CLANG_WARN_DIRECT_OBJC_ISA_USAGE = YES_ERROR;
				CLANG_WARN_DOCUMENTATION_COMMENTS = YES;
				CLANG_WARN_EMPTY_BODY = YES;
				CLANG_WARN_ENUM_CONVERSION = YES;
				CLANG_WARN_INFINITE_RECURSION = YES;
				CLANG_WARN_INT_CONVERSION = YES;
				CLANG_WARN_OBJC_ROOT_CLASS = YES_ERROR;
				CLANG_WARN_SUSPICIOUS_MOVE = YES;
				CLANG_WARN_UNREACHABLE_CODE = YES;
				CLANG_WARN__DUPLICATE_METHOD_MATCH = YES;
				"CODE_SIGN_IDENTITY[sdk=iphoneos*]" = "iPhone Developer";
				COPY_PHASE_STRIP = NO;
				DEBUG_INFORMATION_FORMAT = "dwarf-with-dsym";
				ENABLE_NS_ASSERTIONS = NO;
				ENABLE_STRICT_OBJC_MSGSEND = YES;
				GCC_C_LANGUAGE_STANDARD = gnu99;
				GCC_NO_COMMON_BLOCKS = YES;
				GCC_WARN_64_TO_32_BIT_CONVERSION = YES;
				GCC_WARN_ABOUT_RETURN_TYPE = YES_ERROR;
				GCC_WARN_UNDECLARED_SELECTOR = YES;
				GCC_WARN_UNINITIALIZED_AUTOS = YES_AGGRESSIVE;
				GCC_WARN_UNUSED_FUNCTION = YES;
				GCC_WARN_UNUSED_VARIABLE = YES;
				IPHONEOS_DEPLOYMENT_TARGET = 10.3;
				MTL_ENABLE_DEBUG_INFO = NO;
				SDKROOT = iphoneos;
				SWIFT_OPTIMIZATION_LEVEL = "-Owholemodule";
				VALIDATE_PRODUCT = YES;
			};
			name = Release;
		};
		0441007E1F2C491F00D3806D /* Debug */ = {
			isa = XCBuildConfiguration;
			baseConfigurationReference = D242EECC184E7C375C7C1693 /* Pods-bonyoAngleHack.debug.xcconfig */;
			buildSettings = {
				ASSETCATALOG_COMPILER_APPICON_NAME = AppIcon;
				DEVELOPMENT_TEAM = M67FSQMGRG;
				INFOPLIST_FILE = bonyoAngleHack/Info.plist;
				IPHONEOS_DEPLOYMENT_TARGET = 10.0;
				LD_RUNPATH_SEARCH_PATHS = "$(inherited) @executable_path/Frameworks";
				PRODUCT_BUNDLE_IDENTIFIER = com.bonyo.AngleHack.teama.bonyoAngleHack;
				PRODUCT_NAME = "$(TARGET_NAME)";
				SWIFT_VERSION = 3.0;
			};
			name = Debug;
		};
		0441007F1F2C491F00D3806D /* Release */ = {
			isa = XCBuildConfiguration;
			baseConfigurationReference = 4AE46C502D210B27A3B9B679 /* Pods-bonyoAngleHack.release.xcconfig */;
			buildSettings = {
				ASSETCATALOG_COMPILER_APPICON_NAME = AppIcon;
				DEVELOPMENT_TEAM = M67FSQMGRG;
				INFOPLIST_FILE = bonyoAngleHack/Info.plist;
				IPHONEOS_DEPLOYMENT_TARGET = 10.0;
				LD_RUNPATH_SEARCH_PATHS = "$(inherited) @executable_path/Frameworks";
				PRODUCT_BUNDLE_IDENTIFIER = com.bonyo.AngleHack.teama.bonyoAngleHack;
				PRODUCT_NAME = "$(TARGET_NAME)";
				SWIFT_VERSION = 3.0;
			};
			name = Release;
		};
		044100811F2C491F00D3806D /* Debug */ = {
			isa = XCBuildConfiguration;
			baseConfigurationReference = 2BDC1F14CCAF866CBE94EF5D /* Pods-bonyoAngleHackTests.debug.xcconfig */;
			buildSettings = {
				ALWAYS_EMBED_SWIFT_STANDARD_LIBRARIES = YES;
				BUNDLE_LOADER = "$(TEST_HOST)";
				DEVELOPMENT_TEAM = M67FSQMGRG;
				INFOPLIST_FILE = bonyoAngleHackTests/Info.plist;
				LD_RUNPATH_SEARCH_PATHS = "$(inherited) @executable_path/Frameworks @loader_path/Frameworks";
				PRODUCT_BUNDLE_IDENTIFIER = com.bonyo.AngleHack.teama.bonyoAngleHackTests;
				PRODUCT_NAME = "$(TARGET_NAME)";
				SWIFT_VERSION = 3.0;
				TEST_HOST = "$(BUILT_PRODUCTS_DIR)/bonyoAngleHack.app/bonyoAngleHack";
			};
			name = Debug;
		};
		044100821F2C491F00D3806D /* Release */ = {
			isa = XCBuildConfiguration;
			baseConfigurationReference = E810EC798AEB8AE2559D0B07 /* Pods-bonyoAngleHackTests.release.xcconfig */;
			buildSettings = {
				ALWAYS_EMBED_SWIFT_STANDARD_LIBRARIES = YES;
				BUNDLE_LOADER = "$(TEST_HOST)";
				DEVELOPMENT_TEAM = M67FSQMGRG;
				INFOPLIST_FILE = bonyoAngleHackTests/Info.plist;
				LD_RUNPATH_SEARCH_PATHS = "$(inherited) @executable_path/Frameworks @loader_path/Frameworks";
				PRODUCT_BUNDLE_IDENTIFIER = com.bonyo.AngleHack.teama.bonyoAngleHackTests;
				PRODUCT_NAME = "$(TARGET_NAME)";
				SWIFT_VERSION = 3.0;
				TEST_HOST = "$(BUILT_PRODUCTS_DIR)/bonyoAngleHack.app/bonyoAngleHack";
			};
			name = Release;
		};
		044100841F2C491F00D3806D /* Debug */ = {
			isa = XCBuildConfiguration;
			baseConfigurationReference = B80ABE00D3C48C4647667729 /* Pods-bonyoAngleHackUITests.debug.xcconfig */;
			buildSettings = {
				ALWAYS_EMBED_SWIFT_STANDARD_LIBRARIES = YES;
				DEVELOPMENT_TEAM = M67FSQMGRG;
				INFOPLIST_FILE = bonyoAngleHackUITests/Info.plist;
				LD_RUNPATH_SEARCH_PATHS = "$(inherited) @executable_path/Frameworks @loader_path/Frameworks";
				PRODUCT_BUNDLE_IDENTIFIER = com.bonyo.AngleHack.teama.bonyoAngleHackUITests;
				PRODUCT_NAME = "$(TARGET_NAME)";
				SWIFT_VERSION = 3.0;
				TEST_TARGET_NAME = bonyoAngleHack;
			};
			name = Debug;
		};
		044100851F2C491F00D3806D /* Release */ = {
			isa = XCBuildConfiguration;
			baseConfigurationReference = 91042124D89BE628697AE7A5 /* Pods-bonyoAngleHackUITests.release.xcconfig */;
			buildSettings = {
				ALWAYS_EMBED_SWIFT_STANDARD_LIBRARIES = YES;
				DEVELOPMENT_TEAM = M67FSQMGRG;
				INFOPLIST_FILE = bonyoAngleHackUITests/Info.plist;
				LD_RUNPATH_SEARCH_PATHS = "$(inherited) @executable_path/Frameworks @loader_path/Frameworks";
				PRODUCT_BUNDLE_IDENTIFIER = com.bonyo.AngleHack.teama.bonyoAngleHackUITests;
				PRODUCT_NAME = "$(TARGET_NAME)";
				SWIFT_VERSION = 3.0;
				TEST_TARGET_NAME = bonyoAngleHack;
			};
			name = Release;
		};
/* End XCBuildConfiguration section */

/* Begin XCConfigurationList section */
		0441004D1F2C491700D3806D /* Build configuration list for PBXProject "bonyoAngleHack" */ = {
			isa = XCConfigurationList;
			buildConfigurations = (
				0441007B1F2C491F00D3806D /* Debug */,
				0441007C1F2C491F00D3806D /* Release */,
			);
			defaultConfigurationIsVisible = 0;
			defaultConfigurationName = Release;
		};
		0441007D1F2C491F00D3806D /* Build configuration list for PBXNativeTarget "bonyoAngleHack" */ = {
			isa = XCConfigurationList;
			buildConfigurations = (
				0441007E1F2C491F00D3806D /* Debug */,
				0441007F1F2C491F00D3806D /* Release */,
			);
			defaultConfigurationIsVisible = 0;
			defaultConfigurationName = Release;
		};
		044100801F2C491F00D3806D /* Build configuration list for PBXNativeTarget "bonyoAngleHackTests" */ = {
			isa = XCConfigurationList;
			buildConfigurations = (
				044100811F2C491F00D3806D /* Debug */,
				044100821F2C491F00D3806D /* Release */,
			);
			defaultConfigurationIsVisible = 0;
			defaultConfigurationName = Release;
		};
		044100831F2C491F00D3806D /* Build configuration list for PBXNativeTarget "bonyoAngleHackUITests" */ = {
			isa = XCConfigurationList;
			buildConfigurations = (
				044100841F2C491F00D3806D /* Debug */,
				044100851F2C491F00D3806D /* Release */,
			);
			defaultConfigurationIsVisible = 0;
			defaultConfigurationName = Release;
		};
/* End XCConfigurationList section */

/* Begin XCVersionGroup section */
		0441005C1F2C491900D3806D /* bonyoAngleHack.xcdatamodeld */ = {
			isa = XCVersionGroup;
			children = (
				0441005D1F2C491900D3806D /* bonyoAngleHack.xcdatamodel */,
			);
			currentVersion = 0441005D1F2C491900D3806D /* bonyoAngleHack.xcdatamodel */;
			path = bonyoAngleHack.xcdatamodeld;
			sourceTree = "<group>";
			versionGroupType = wrapper.xcdatamodel;
		};
/* End XCVersionGroup section */
	};
	rootObject = 0441004A1F2C491700D3806D /* Project object */;
}
